// !$*UTF8*$!
{
	archiveVersion = 1;
	classes = {
	};
	objectVersion = 50;
	objects = {

/* Begin PBXBuildFile section */
		01B07521270DA0EC0039420B /* ArtistSearchApp.swift in Sources */ = {isa = PBXBuildFile; fileRef = 01B07520270DA0EC0039420B /* ArtistSearchApp.swift */; };
		01B07523270DA0EC0039420B /* ContentView.swift in Sources */ = {isa = PBXBuildFile; fileRef = 01B07522270DA0EC0039420B /* ContentView.swift */; };
		01B07525270DA0ED0039420B /* Assets.xcassets in Resources */ = {isa = PBXBuildFile; fileRef = 01B07524270DA0ED0039420B /* Assets.xcassets */; };
		01B07528270DA0ED0039420B /* Preview Assets.xcassets in Resources */ = {isa = PBXBuildFile; fileRef = 01B07527270DA0ED0039420B /* Preview Assets.xcassets */; };
		01B07533270DA0ED0039420B /* ArtistSearchTests.swift in Sources */ = {isa = PBXBuildFile; fileRef = 01B07532270DA0ED0039420B /* ArtistSearchTests.swift */; };
		01B0753E270DA0ED0039420B /* ArtistSearchUITests.swift in Sources */ = {isa = PBXBuildFile; fileRef = 01B0753D270DA0ED0039420B /* ArtistSearchUITests.swift */; };
		01B07551270DA4D70039420B /* ArtistsInteractor.swift in Sources */ = {isa = PBXBuildFile; fileRef = 01B07550270DA4D70039420B /* ArtistsInteractor.swift */; };
		01B07553270DA5BA0039420B /* ArtistsRepository.swift in Sources */ = {isa = PBXBuildFile; fileRef = 01B07552270DA5BA0039420B /* ArtistsRepository.swift */; };
		01B07555270DA79D0039420B /* ArtistDTO.swift in Sources */ = {isa = PBXBuildFile; fileRef = 01B07554270DA79D0039420B /* ArtistDTO.swift */; };
		01B07557270DAAF30039420B /* AlbumDTO.swift in Sources */ = {isa = PBXBuildFile; fileRef = 01B07556270DAAF30039420B /* AlbumDTO.swift */; };
		01B0755A270DC9C20039420B /* DIContainer.swift in Sources */ = {isa = PBXBuildFile; fileRef = 01B07559270DC9C20039420B /* DIContainer.swift */; };
		01B0755C270DD4AF0039420B /* MainView.swift in Sources */ = {isa = PBXBuildFile; fileRef = 01B0755B270DD4AF0039420B /* MainView.swift */; };
		01B0755E270DD4C90039420B /* MainViewModel.swift in Sources */ = {isa = PBXBuildFile; fileRef = 01B0755D270DD4C90039420B /* MainViewModel.swift */; };
/* End PBXBuildFile section */

/* Begin PBXContainerItemProxy section */
		01B0752F270DA0ED0039420B /* PBXContainerItemProxy */ = {
			isa = PBXContainerItemProxy;
			containerPortal = 01B07515270DA0EC0039420B /* Project object */;
			proxyType = 1;
			remoteGlobalIDString = 01B0751C270DA0EC0039420B;
			remoteInfo = ArtistSearch;
		};
		01B0753A270DA0ED0039420B /* PBXContainerItemProxy */ = {
			isa = PBXContainerItemProxy;
			containerPortal = 01B07515270DA0EC0039420B /* Project object */;
			proxyType = 1;
			remoteGlobalIDString = 01B0751C270DA0EC0039420B;
			remoteInfo = ArtistSearch;
		};
/* End PBXContainerItemProxy section */

/* Begin PBXFileReference section */
		01B0751D270DA0EC0039420B /* ArtistSearch.app */ = {isa = PBXFileReference; explicitFileType = wrapper.application; includeInIndex = 0; path = ArtistSearch.app; sourceTree = BUILT_PRODUCTS_DIR; };
		01B07520270DA0EC0039420B /* ArtistSearchApp.swift */ = {isa = PBXFileReference; lastKnownFileType = sourcecode.swift; path = ArtistSearchApp.swift; sourceTree = "<group>"; };
		01B07522270DA0EC0039420B /* ContentView.swift */ = {isa = PBXFileReference; lastKnownFileType = sourcecode.swift; path = ContentView.swift; sourceTree = "<group>"; };
		01B07524270DA0ED0039420B /* Assets.xcassets */ = {isa = PBXFileReference; lastKnownFileType = folder.assetcatalog; path = Assets.xcassets; sourceTree = "<group>"; };
		01B07527270DA0ED0039420B /* Preview Assets.xcassets */ = {isa = PBXFileReference; lastKnownFileType = folder.assetcatalog; path = "Preview Assets.xcassets"; sourceTree = "<group>"; };
		01B07529270DA0ED0039420B /* Info.plist */ = {isa = PBXFileReference; lastKnownFileType = text.plist.xml; path = Info.plist; sourceTree = "<group>"; };
		01B0752E270DA0ED0039420B /* ArtistSearchTests.xctest */ = {isa = PBXFileReference; explicitFileType = wrapper.cfbundle; includeInIndex = 0; path = ArtistSearchTests.xctest; sourceTree = BUILT_PRODUCTS_DIR; };
		01B07532270DA0ED0039420B /* ArtistSearchTests.swift */ = {isa = PBXFileReference; lastKnownFileType = sourcecode.swift; path = ArtistSearchTests.swift; sourceTree = "<group>"; };
		01B07534270DA0ED0039420B /* Info.plist */ = {isa = PBXFileReference; lastKnownFileType = text.plist.xml; path = Info.plist; sourceTree = "<group>"; };
		01B07539270DA0ED0039420B /* ArtistSearchUITests.xctest */ = {isa = PBXFileReference; explicitFileType = wrapper.cfbundle; includeInIndex = 0; path = ArtistSearchUITests.xctest; sourceTree = BUILT_PRODUCTS_DIR; };
		01B0753D270DA0ED0039420B /* ArtistSearchUITests.swift */ = {isa = PBXFileReference; lastKnownFileType = sourcecode.swift; path = ArtistSearchUITests.swift; sourceTree = "<group>"; };
		01B0753F270DA0ED0039420B /* Info.plist */ = {isa = PBXFileReference; lastKnownFileType = text.plist.xml; path = Info.plist; sourceTree = "<group>"; };
		01B07550270DA4D70039420B /* ArtistsInteractor.swift */ = {isa = PBXFileReference; lastKnownFileType = sourcecode.swift; path = ArtistsInteractor.swift; sourceTree = "<group>"; };
		01B07552270DA5BA0039420B /* ArtistsRepository.swift */ = {isa = PBXFileReference; lastKnownFileType = sourcecode.swift; path = ArtistsRepository.swift; sourceTree = "<group>"; };
		01B07554270DA79D0039420B /* ArtistDTO.swift */ = {isa = PBXFileReference; lastKnownFileType = sourcecode.swift; path = ArtistDTO.swift; sourceTree = "<group>"; };
		01B07556270DAAF30039420B /* AlbumDTO.swift */ = {isa = PBXFileReference; lastKnownFileType = sourcecode.swift; path = AlbumDTO.swift; sourceTree = "<group>"; };
		01B07559270DC9C20039420B /* DIContainer.swift */ = {isa = PBXFileReference; lastKnownFileType = sourcecode.swift; path = DIContainer.swift; sourceTree = "<group>"; };
		01B0755B270DD4AF0039420B /* MainView.swift */ = {isa = PBXFileReference; lastKnownFileType = sourcecode.swift; path = MainView.swift; sourceTree = "<group>"; };
		01B0755D270DD4C90039420B /* MainViewModel.swift */ = {isa = PBXFileReference; lastKnownFileType = sourcecode.swift; path = MainViewModel.swift; sourceTree = "<group>"; };
/* End PBXFileReference section */

/* Begin PBXFrameworksBuildPhase section */
		01B0751A270DA0EC0039420B /* Frameworks */ = {
			isa = PBXFrameworksBuildPhase;
			buildActionMask = 2147483647;
			files = (
			);
			runOnlyForDeploymentPostprocessing = 0;
		};
		01B0752B270DA0ED0039420B /* Frameworks */ = {
			isa = PBXFrameworksBuildPhase;
			buildActionMask = 2147483647;
			files = (
			);
			runOnlyForDeploymentPostprocessing = 0;
		};
		01B07536270DA0ED0039420B /* Frameworks */ = {
			isa = PBXFrameworksBuildPhase;
			buildActionMask = 2147483647;
			files = (
			);
			runOnlyForDeploymentPostprocessing = 0;
		};
/* End PBXFrameworksBuildPhase section */

/* Begin PBXGroup section */
		01B07514270DA0EC0039420B = {
			isa = PBXGroup;
			children = (
				01B0751F270DA0EC0039420B /* ArtistSearch */,
				01B07531270DA0ED0039420B /* ArtistSearchTests */,
				01B0753C270DA0ED0039420B /* ArtistSearchUITests */,
				01B0751E270DA0EC0039420B /* Products */,
			);
			sourceTree = "<group>";
		};
		01B0751E270DA0EC0039420B /* Products */ = {
			isa = PBXGroup;
			children = (
				01B0751D270DA0EC0039420B /* ArtistSearch.app */,
				01B0752E270DA0ED0039420B /* ArtistSearchTests.xctest */,
				01B07539270DA0ED0039420B /* ArtistSearchUITests.xctest */,
			);
			name = Products;
			sourceTree = "<group>";
		};
		01B0751F270DA0EC0039420B /* ArtistSearch */ = {
			isa = PBXGroup;
			children = (
				01B07558270DC98B0039420B /* Dependencies */,
				01B0754F270DA3910039420B /* DTOs */,
				01B0754E270DA34A0039420B /* ViewModels */,
				01B0754D270DA3430039420B /* Views */,
				01B0754C270DA33C0039420B /* Interactors */,
				01B0754B270DA3320039420B /* Repositories */,
				01B07520270DA0EC0039420B /* ArtistSearchApp.swift */,
				01B07522270DA0EC0039420B /* ContentView.swift */,
				01B07524270DA0ED0039420B /* Assets.xcassets */,
				01B07529270DA0ED0039420B /* Info.plist */,
				01B07526270DA0ED0039420B /* Preview Content */,
			);
			path = ArtistSearch;
			sourceTree = "<group>";
		};
		01B07526270DA0ED0039420B /* Preview Content */ = {
			isa = PBXGroup;
			children = (
				01B07527270DA0ED0039420B /* Preview Assets.xcassets */,
			);
			path = "Preview Content";
			sourceTree = "<group>";
		};
		01B07531270DA0ED0039420B /* ArtistSearchTests */ = {
			isa = PBXGroup;
			children = (
				01B07532270DA0ED0039420B /* ArtistSearchTests.swift */,
				01B07534270DA0ED0039420B /* Info.plist */,
			);
			path = ArtistSearchTests;
			sourceTree = "<group>";
		};
		01B0753C270DA0ED0039420B /* ArtistSearchUITests */ = {
			isa = PBXGroup;
			children = (
				01B0753D270DA0ED0039420B /* ArtistSearchUITests.swift */,
				01B0753F270DA0ED0039420B /* Info.plist */,
			);
			path = ArtistSearchUITests;
			sourceTree = "<group>";
		};
		01B0754B270DA3320039420B /* Repositories */ = {
			isa = PBXGroup;
			children = (
				01B07552270DA5BA0039420B /* ArtistsRepository.swift */,
			);
			path = Repositories;
			sourceTree = "<group>";
		};
		01B0754C270DA33C0039420B /* Interactors */ = {
			isa = PBXGroup;
			children = (
				01B07550270DA4D70039420B /* ArtistsInteractor.swift */,
			);
			path = Interactors;
			sourceTree = "<group>";
		};
		01B0754D270DA3430039420B /* Views */ = {
			isa = PBXGroup;
			children = (
				01B0755B270DD4AF0039420B /* MainView.swift */,
			);
			path = Views;
			sourceTree = "<group>";
		};
		01B0754E270DA34A0039420B /* ViewModels */ = {
			isa = PBXGroup;
			children = (
				01B0755D270DD4C90039420B /* MainViewModel.swift */,
			);
			path = ViewModels;
			sourceTree = "<group>";
		};
		01B0754F270DA3910039420B /* DTOs */ = {
			isa = PBXGroup;
			children = (
				01B07554270DA79D0039420B /* ArtistDTO.swift */,
				01B07556270DAAF30039420B /* AlbumDTO.swift */,
			);
			path = DTOs;
			sourceTree = "<group>";
		};
		01B07558270DC98B0039420B /* Dependencies */ = {
			isa = PBXGroup;
			children = (
				01B07559270DC9C20039420B /* DIContainer.swift */,
			);
			path = Dependencies;
			sourceTree = "<group>";
		};
/* End PBXGroup section */

/* Begin PBXNativeTarget section */
		01B0751C270DA0EC0039420B /* ArtistSearch */ = {
			isa = PBXNativeTarget;
			buildConfigurationList = 01B07542270DA0ED0039420B /* Build configuration list for PBXNativeTarget "ArtistSearch" */;
			buildPhases = (
				01B07519270DA0EC0039420B /* Sources */,
				01B0751A270DA0EC0039420B /* Frameworks */,
				01B0751B270DA0EC0039420B /* Resources */,
			);
			buildRules = (
			);
			dependencies = (
			);
			name = ArtistSearch;
			productName = ArtistSearch;
			productReference = 01B0751D270DA0EC0039420B /* ArtistSearch.app */;
			productType = "com.apple.product-type.application";
		};
		01B0752D270DA0ED0039420B /* ArtistSearchTests */ = {
			isa = PBXNativeTarget;
			buildConfigurationList = 01B07545270DA0ED0039420B /* Build configuration list for PBXNativeTarget "ArtistSearchTests" */;
			buildPhases = (
				01B0752A270DA0ED0039420B /* Sources */,
				01B0752B270DA0ED0039420B /* Frameworks */,
				01B0752C270DA0ED0039420B /* Resources */,
			);
			buildRules = (
			);
			dependencies = (
				01B07530270DA0ED0039420B /* PBXTargetDependency */,
			);
			name = ArtistSearchTests;
			productName = ArtistSearchTests;
			productReference = 01B0752E270DA0ED0039420B /* ArtistSearchTests.xctest */;
			productType = "com.apple.product-type.bundle.unit-test";
		};
		01B07538270DA0ED0039420B /* ArtistSearchUITests */ = {
			isa = PBXNativeTarget;
			buildConfigurationList = 01B07548270DA0ED0039420B /* Build configuration list for PBXNativeTarget "ArtistSearchUITests" */;
			buildPhases = (
				01B07535270DA0ED0039420B /* Sources */,
				01B07536270DA0ED0039420B /* Frameworks */,
				01B07537270DA0ED0039420B /* Resources */,
			);
			buildRules = (
			);
			dependencies = (
				01B0753B270DA0ED0039420B /* PBXTargetDependency */,
			);
			name = ArtistSearchUITests;
			productName = ArtistSearchUITests;
			productReference = 01B07539270DA0ED0039420B /* ArtistSearchUITests.xctest */;
			productType = "com.apple.product-type.bundle.ui-testing";
		};
/* End PBXNativeTarget section */

/* Begin PBXProject section */
		01B07515270DA0EC0039420B /* Project object */ = {
			isa = PBXProject;
			attributes = {
				LastSwiftUpdateCheck = 1250;
				LastUpgradeCheck = 1250;
				TargetAttributes = {
					01B0751C270DA0EC0039420B = {
						CreatedOnToolsVersion = 12.5.1;
					};
					01B0752D270DA0ED0039420B = {
						CreatedOnToolsVersion = 12.5.1;
						TestTargetID = 01B0751C270DA0EC0039420B;
					};
					01B07538270DA0ED0039420B = {
						CreatedOnToolsVersion = 12.5.1;
						TestTargetID = 01B0751C270DA0EC0039420B;
					};
				};
			};
			buildConfigurationList = 01B07518270DA0EC0039420B /* Build configuration list for PBXProject "ArtistSearch" */;
			compatibilityVersion = "Xcode 9.3";
			developmentRegion = en;
			hasScannedForEncodings = 0;
			knownRegions = (
				en,
				Base,
			);
			mainGroup = 01B07514270DA0EC0039420B;
			productRefGroup = 01B0751E270DA0EC0039420B /* Products */;
			projectDirPath = "";
			projectRoot = "";
			targets = (
				01B0751C270DA0EC0039420B /* ArtistSearch */,
				01B0752D270DA0ED0039420B /* ArtistSearchTests */,
				01B07538270DA0ED0039420B /* ArtistSearchUITests */,
			);
		};
/* End PBXProject section */

/* Begin PBXResourcesBuildPhase section */
		01B0751B270DA0EC0039420B /* Resources */ = {
			isa = PBXResourcesBuildPhase;
			buildActionMask = 2147483647;
			files = (
				01B07528270DA0ED0039420B /* Preview Assets.xcassets in Resources */,
				01B07525270DA0ED0039420B /* Assets.xcassets in Resources */,
			);
			runOnlyForDeploymentPostprocessing = 0;
		};
		01B0752C270DA0ED0039420B /* Resources */ = {
			isa = PBXResourcesBuildPhase;
			buildActionMask = 2147483647;
			files = (
			);
			runOnlyForDeploymentPostprocessing = 0;
		};
		01B07537270DA0ED0039420B /* Resources */ = {
			isa = PBXResourcesBuildPhase;
			buildActionMask = 2147483647;
			files = (
			);
			runOnlyForDeploymentPostprocessing = 0;
		};
/* End PBXResourcesBuildPhase section */

/* Begin PBXSourcesBuildPhase section */
		01B07519270DA0EC0039420B /* Sources */ = {
			isa = PBXSourcesBuildPhase;
			buildActionMask = 2147483647;
			files = (
				01B0755A270DC9C20039420B /* DIContainer.swift in Sources */,
				01B0755C270DD4AF0039420B /* MainView.swift in Sources */,
				01B07553270DA5BA0039420B /* ArtistsRepository.swift in Sources */,
				01B07555270DA79D0039420B /* ArtistDTO.swift in Sources */,
				01B07551270DA4D70039420B /* ArtistsInteractor.swift in Sources */,
				01B07523270DA0EC0039420B /* ContentView.swift in Sources */,
				01B07521270DA0EC0039420B /* ArtistSearchApp.swift in Sources */,
				01B07557270DAAF30039420B /* AlbumDTO.swift in Sources */,
				01B0755E270DD4C90039420B /* MainViewModel.swift in Sources */,
			);
			runOnlyForDeploymentPostprocessing = 0;
		};
		01B0752A270DA0ED0039420B /* Sources */ = {
			isa = PBXSourcesBuildPhase;
			buildActionMask = 2147483647;
			files = (
				01B07533270DA0ED0039420B /* ArtistSearchTests.swift in Sources */,
			);
			runOnlyForDeploymentPostprocessing = 0;
		};
		01B07535270DA0ED0039420B /* Sources */ = {
			isa = PBXSourcesBuildPhase;
			buildActionMask = 2147483647;
			files = (
				01B0753E270DA0ED0039420B /* ArtistSearchUITests.swift in Sources */,
			);
			runOnlyForDeploymentPostprocessing = 0;
		};
/* End PBXSourcesBuildPhase section */

/* Begin PBXTargetDependency section */
		01B07530270DA0ED0039420B /* PBXTargetDependency */ = {
			isa = PBXTargetDependency;
			target = 01B0751C270DA0EC0039420B /* ArtistSearch */;
			targetProxy = 01B0752F270DA0ED0039420B /* PBXContainerItemProxy */;
		};
		01B0753B270DA0ED0039420B /* PBXTargetDependency */ = {
			isa = PBXTargetDependency;
			target = 01B0751C270DA0EC0039420B /* ArtistSearch */;
			targetProxy = 01B0753A270DA0ED0039420B /* PBXContainerItemProxy */;
		};
/* End PBXTargetDependency section */

/* Begin XCBuildConfiguration section */
		01B07540270DA0ED0039420B /* Debug */ = {
			isa = XCBuildConfiguration;
			buildSettings = {
				ALWAYS_SEARCH_USER_PATHS = NO;
				CLANG_ANALYZER_NONNULL = YES;
				CLANG_ANALYZER_NUMBER_OBJECT_CONVERSION = YES_AGGRESSIVE;
				CLANG_CXX_LANGUAGE_STANDARD = "gnu++14";
				CLANG_CXX_LIBRARY = "libc++";
				CLANG_ENABLE_MODULES = YES;
				CLANG_ENABLE_OBJC_ARC = YES;
				CLANG_ENABLE_OBJC_WEAK = YES;
				CLANG_WARN_BLOCK_CAPTURE_AUTORELEASING = YES;
				CLANG_WARN_BOOL_CONVERSION = YES;
				CLANG_WARN_COMMA = YES;
				CLANG_WARN_CONSTANT_CONVERSION = YES;
				CLANG_WARN_DEPRECATED_OBJC_IMPLEMENTATIONS = YES;
				CLANG_WARN_DIRECT_OBJC_ISA_USAGE = YES_ERROR;
				CLANG_WARN_DOCUMENTATION_COMMENTS = YES;
				CLANG_WARN_EMPTY_BODY = YES;
				CLANG_WARN_ENUM_CONVERSION = YES;
				CLANG_WARN_INFINITE_RECURSION = YES;
				CLANG_WARN_INT_CONVERSION = YES;
				CLANG_WARN_NON_LITERAL_NULL_CONVERSION = YES;
				CLANG_WARN_OBJC_IMPLICIT_RETAIN_SELF = YES;
				CLANG_WARN_OBJC_LITERAL_CONVERSION = YES;
				CLANG_WARN_OBJC_ROOT_CLASS = YES_ERROR;
				CLANG_WARN_QUOTED_INCLUDE_IN_FRAMEWORK_HEADER = YES;
				CLANG_WARN_RANGE_LOOP_ANALYSIS = YES;
				CLANG_WARN_STRICT_PROTOTYPES = YES;
				CLANG_WARN_SUSPICIOUS_MOVE = YES;
				CLANG_WARN_UNGUARDED_AVAILABILITY = YES_AGGRESSIVE;
				CLANG_WARN_UNREACHABLE_CODE = YES;
				CLANG_WARN__DUPLICATE_METHOD_MATCH = YES;
				COPY_PHASE_STRIP = NO;
				DEBUG_INFORMATION_FORMAT = dwarf;
				ENABLE_STRICT_OBJC_MSGSEND = YES;
				ENABLE_TESTABILITY = YES;
				GCC_C_LANGUAGE_STANDARD = gnu11;
				GCC_DYNAMIC_NO_PIC = NO;
				GCC_NO_COMMON_BLOCKS = YES;
				GCC_OPTIMIZATION_LEVEL = 0;
				GCC_PREPROCESSOR_DEFINITIONS = (
					"DEBUG=1",
					"$(inherited)",
				);
				GCC_WARN_64_TO_32_BIT_CONVERSION = YES;
				GCC_WARN_ABOUT_RETURN_TYPE = YES_ERROR;
				GCC_WARN_UNDECLARED_SELECTOR = YES;
				GCC_WARN_UNINITIALIZED_AUTOS = YES_AGGRESSIVE;
				GCC_WARN_UNUSED_FUNCTION = YES;
				GCC_WARN_UNUSED_VARIABLE = YES;
				IPHONEOS_DEPLOYMENT_TARGET = 14.5;
				MTL_ENABLE_DEBUG_INFO = INCLUDE_SOURCE;
				MTL_FAST_MATH = YES;
				ONLY_ACTIVE_ARCH = YES;
				SDKROOT = iphoneos;
				SWIFT_ACTIVE_COMPILATION_CONDITIONS = DEBUG;
				SWIFT_OPTIMIZATION_LEVEL = "-Onone";
			};
			name = Debug;
		};
		01B07541270DA0ED0039420B /* Release */ = {
			isa = XCBuildConfiguration;
			buildSettings = {
				ALWAYS_SEARCH_USER_PATHS = NO;
				CLANG_ANALYZER_NONNULL = YES;
				CLANG_ANALYZER_NUMBER_OBJECT_CONVERSION = YES_AGGRESSIVE;
				CLANG_CXX_LANGUAGE_STANDARD = "gnu++14";
				CLANG_CXX_LIBRARY = "libc++";
				CLANG_ENABLE_MODULES = YES;
				CLANG_ENABLE_OBJC_ARC = YES;
				CLANG_ENABLE_OBJC_WEAK = YES;
				CLANG_WARN_BLOCK_CAPTURE_AUTORELEASING = YES;
				CLANG_WARN_BOOL_CONVERSION = YES;
				CLANG_WARN_COMMA = YES;
				CLANG_WARN_CONSTANT_CONVERSION = YES;
				CLANG_WARN_DEPRECATED_OBJC_IMPLEMENTATIONS = YES;
				CLANG_WARN_DIRECT_OBJC_ISA_USAGE = YES_ERROR;
				CLANG_WARN_DOCUMENTATION_COMMENTS = YES;
				CLANG_WARN_EMPTY_BODY = YES;
				CLANG_WARN_ENUM_CONVERSION = YES;
				CLANG_WARN_INFINITE_RECURSION = YES;
				CLANG_WARN_INT_CONVERSION = YES;
				CLANG_WARN_NON_LITERAL_NULL_CONVERSION = YES;
				CLANG_WARN_OBJC_IMPLICIT_RETAIN_SELF = YES;
				CLANG_WARN_OBJC_LITERAL_CONVERSION = YES;
				CLANG_WARN_OBJC_ROOT_CLASS = YES_ERROR;
				CLANG_WARN_QUOTED_INCLUDE_IN_FRAMEWORK_HEADER = YES;
				CLANG_WARN_RANGE_LOOP_ANALYSIS = YES;
				CLANG_WARN_STRICT_PROTOTYPES = YES;
				CLANG_WARN_SUSPICIOUS_MOVE = YES;
				CLANG_WARN_UNGUARDED_AVAILABILITY = YES_AGGRESSIVE;
				CLANG_WARN_UNREACHABLE_CODE = YES;
				CLANG_WARN__DUPLICATE_METHOD_MATCH = YES;
				COPY_PHASE_STRIP = NO;
				DEBUG_INFORMATION_FORMAT = "dwarf-with-dsym";
				ENABLE_NS_ASSERTIONS = NO;
				ENABLE_STRICT_OBJC_MSGSEND = YES;
				GCC_C_LANGUAGE_STANDARD = gnu11;
				GCC_NO_COMMON_BLOCKS = YES;
				GCC_WARN_64_TO_32_BIT_CONVERSION = YES;
				GCC_WARN_ABOUT_RETURN_TYPE = YES_ERROR;
				GCC_WARN_UNDECLARED_SELECTOR = YES;
				GCC_WARN_UNINITIALIZED_AUTOS = YES_AGGRESSIVE;
				GCC_WARN_UNUSED_FUNCTION = YES;
				GCC_WARN_UNUSED_VARIABLE = YES;
				IPHONEOS_DEPLOYMENT_TARGET = 14.5;
				MTL_ENABLE_DEBUG_INFO = NO;
				MTL_FAST_MATH = YES;
				SDKROOT = iphoneos;
				SWIFT_COMPILATION_MODE = wholemodule;
				SWIFT_OPTIMIZATION_LEVEL = "-O";
				VALIDATE_PRODUCT = YES;
			};
			name = Release;
		};
		01B07543270DA0ED0039420B /* Debug */ = {
			isa = XCBuildConfiguration;
			buildSettings = {
				ASSETCATALOG_COMPILER_APPICON_NAME = AppIcon;
				ASSETCATALOG_COMPILER_GLOBAL_ACCENT_COLOR_NAME = AccentColor;
				CODE_SIGN_STYLE = Automatic;
				DEVELOPMENT_ASSET_PATHS = "\"ArtistSearch/Preview Content\"";
				DEVELOPMENT_TEAM = 5U3MXZ59HZ;
				ENABLE_PREVIEWS = YES;
				INFOPLIST_FILE = ArtistSearch/Info.plist;
				IPHONEOS_DEPLOYMENT_TARGET = 14.0;
				LD_RUNPATH_SEARCH_PATHS = (
					"$(inherited)",
					"@executable_path/Frameworks",
				);
				PRODUCT_BUNDLE_IDENTIFIER = com.artistSearch.ArtistSearch;
				PRODUCT_NAME = "$(TARGET_NAME)";
				SWIFT_VERSION = 5.0;
				TARGETED_DEVICE_FAMILY = "1,2";
			};
			name = Debug;
		};
		01B07544270DA0ED0039420B /* Release */ = {
			isa = XCBuildConfiguration;
			buildSettings = {
				ASSETCATALOG_COMPILER_APPICON_NAME = AppIcon;
				ASSETCATALOG_COMPILER_GLOBAL_ACCENT_COLOR_NAME = AccentColor;
				CODE_SIGN_STYLE = Automatic;
				DEVELOPMENT_ASSET_PATHS = "\"ArtistSearch/Preview Content\"";
				DEVELOPMENT_TEAM = 5U3MXZ59HZ;
				ENABLE_PREVIEWS = YES;
				INFOPLIST_FILE = ArtistSearch/Info.plist;
				IPHONEOS_DEPLOYMENT_TARGET = 14.0;
				LD_RUNPATH_SEARCH_PATHS = (
					"$(inherited)",
					"@executable_path/Frameworks",
				);
				PRODUCT_BUNDLE_IDENTIFIER = com.artistSearch.ArtistSearch;
				PRODUCT_NAME = "$(TARGET_NAME)";
				SWIFT_VERSION = 5.0;
				TARGETED_DEVICE_FAMILY = "1,2";
			};
			name = Release;
		};
		01B07546270DA0ED0039420B /* Debug */ = {
			isa = XCBuildConfiguration;
			buildSettings = {
				ALWAYS_EMBED_SWIFT_STANDARD_LIBRARIES = YES;
				BUNDLE_LOADER = "$(TEST_HOST)";
				CODE_SIGN_STYLE = Automatic;
				DEVELOPMENT_TEAM = 5U3MXZ59HZ;
				INFOPLIST_FILE = ArtistSearchTests/Info.plist;
				IPHONEOS_DEPLOYMENT_TARGET = 14.0;
				LD_RUNPATH_SEARCH_PATHS = (
					"$(inherited)",
					"@executable_path/Frameworks",
					"@loader_path/Frameworks",
				);
				PRODUCT_BUNDLE_IDENTIFIER = com.artistSearch.ArtistSearchTests;
				PRODUCT_NAME = "$(TARGET_NAME)";
				SWIFT_VERSION = 5.0;
				TARGETED_DEVICE_FAMILY = "1,2";
				TEST_HOST = "$(BUILT_PRODUCTS_DIR)/ArtistSearch.app/ArtistSearch";
			};
			name = Debug;
		};
		01B07547270DA0ED0039420B /* Release */ = {
			isa = XCBuildConfiguration;
			buildSettings = {
				ALWAYS_EMBED_SWIFT_STANDARD_LIBRARIES = YES;
				BUNDLE_LOADER = "$(TEST_HOST)";
				CODE_SIGN_STYLE = Automatic;
				DEVELOPMENT_TEAM = 5U3MXZ59HZ;
				INFOPLIST_FILE = ArtistSearchTests/Info.plist;
				IPHONEOS_DEPLOYMENT_TARGET = 14.0;
				LD_RUNPATH_SEARCH_PATHS = (
					"$(inherited)",
					"@executable_path/Frameworks",
					"@loader_path/Frameworks",
				);
				PRODUCT_BUNDLE_IDENTIFIER = com.artistSearch.ArtistSearchTests;
				PRODUCT_NAME = "$(TARGET_NAME)";
				SWIFT_VERSION = 5.0;
				TARGETED_DEVICE_FAMILY = "1,2";
				TEST_HOST = "$(BUILT_PRODUCTS_DIR)/ArtistSearch.app/ArtistSearch";
			};
			name = Release;
		};
		01B07549270DA0ED0039420B /* Debug */ = {
			isa = XCBuildConfiguration;
			buildSettings = {
				ALWAYS_EMBED_SWIFT_STANDARD_LIBRARIES = YES;
				CODE_SIGN_STYLE = Automatic;
				DEVELOPMENT_TEAM = 5U3MXZ59HZ;
				INFOPLIST_FILE = ArtistSearchUITests/Info.plist;
				LD_RUNPATH_SEARCH_PATHS = (
					"$(inherited)",
					"@executable_path/Frameworks",
					"@loader_path/Frameworks",
				);
				PRODUCT_BUNDLE_IDENTIFIER = com.artistSearch.ArtistSearchUITests;
				PRODUCT_NAME = "$(TARGET_NAME)";
				SWIFT_VERSION = 5.0;
				TARGETED_DEVICE_FAMILY = "1,2";
				TEST_TARGET_NAME = ArtistSearch;
			};
			name = Debug;
		};
		01B0754A270DA0ED0039420B /* Release */ = {
			isa = XCBuildConfiguration;
			buildSettings = {
				ALWAYS_EMBED_SWIFT_STANDARD_LIBRARIES = YES;
				CODE_SIGN_STYLE = Automatic;
				DEVELOPMENT_TEAM = 5U3MXZ59HZ;
				INFOPLIST_FILE = ArtistSearchUITests/Info.plist;
				LD_RUNPATH_SEARCH_PATHS = (
					"$(inherited)",
					"@executable_path/Frameworks",
					"@loader_path/Frameworks",
				);
				PRODUCT_BUNDLE_IDENTIFIER = com.artistSearch.ArtistSearchUITests;
				PRODUCT_NAME = "$(TARGET_NAME)";
				SWIFT_VERSION = 5.0;
				TARGETED_DEVICE_FAMILY = "1,2";
				TEST_TARGET_NAME = ArtistSearch;
			};
			name = Release;
		};
/* End XCBuildConfiguration section */

/* Begin XCConfigurationList section */
		01B07518270DA0EC0039420B /* Build configuration list for PBXProject "ArtistSearch" */ = {
			isa = XCConfigurationList;
			buildConfigurations = (
				01B07540270DA0ED0039420B /* Debug */,
				01B07541270DA0ED0039420B /* Release */,
			);
			defaultConfigurationIsVisible = 0;
			defaultConfigurationName = Release;
		};
		01B07542270DA0ED0039420B /* Build configuration list for PBXNativeTarget "ArtistSearch" */ = {
			isa = XCConfigurationList;
			buildConfigurations = (
				01B07543270DA0ED0039420B /* Debug */,
				01B07544270DA0ED0039420B /* Release */,
			);
			defaultConfigurationIsVisible = 0;
			defaultConfigurationName = Release;
		};
		01B07545270DA0ED0039420B /* Build configuration list for PBXNativeTarget "ArtistSearchTests" */ = {
			isa = XCConfigurationList;
			buildConfigurations = (
				01B07546270DA0ED0039420B /* Debug */,
				01B07547270DA0ED0039420B /* Release */,
			);
			defaultConfigurationIsVisible = 0;
			defaultConfigurationName = Release;
		};
		01B07548270DA0ED0039420B /* Build configuration list for PBXNativeTarget "ArtistSearchUITests" */ = {
			isa = XCConfigurationList;
			buildConfigurations = (
				01B07549270DA0ED0039420B /* Debug */,
				01B0754A270DA0ED0039420B /* Release */,
			);
			defaultConfigurationIsVisible = 0;
			defaultConfigurationName = Release;
		};
/* End XCConfigurationList section */
	};
	rootObject = 01B07515270DA0EC0039420B /* Project object */;
}
